
Microsoft Visual Studio Solution File, Format Version 12.00
# Visual Studio Version 16
VisualStudioVersion = 16.0.31321.278
MinimumVisualStudioVersion = 10.0.40219.1
Project("{FAE04EC0-301F-11D3-BF4B-00C04F79EFBC}") = "TIADateiViewer", "TIADateiViewer\TIADateiViewer.csproj", "{1DCBCAB4-479A-446F-B723-2DF34C792250}"
EndProject
Global
	GlobalSection(SolutionConfigurationPlatforms) = preSolution
		Debug|Any CPU = Debug|Any CPU
		Release|Any CPU = Release|Any CPU
	EndGlobalSection
	GlobalSection(ProjectConfigurationPlatforms) = postSolution
		{1DCBCAB4-479A-446F-B723-2DF34C792250}.Debug|Any CPU.ActiveCfg = Debug|Any CPU
		{1DCBCAB4-479A-446F-B723-2DF34C792250}.Debug|Any CPU.Build.0 = Debug|Any CPU
		{1DCBCAB4-479A-446F-B723-2DF34C792250}.Release|Any CPU.ActiveCfg = Release|Any CPU
		{1DCBCAB4-479A-446F-B723-2DF34C792250}.Release|Any CPU.Build.0 = Release|Any CPU
	EndGlobalSection
	GlobalSection(SolutionProperties) = preSolution
		HideSolutionNode = FALSE
	EndGlobalSection
	GlobalSection(ExtensibilityGlobals) = postSolution
		SolutionGuid = {00F51971-5690-4990-BDD8-A555A10B6D5B}
	EndGlobalSection
EndGlobal
